// !$*UTF8*$!
{
	archiveVersion = 1;
	classes = {
	};
	objectVersion = 56;
	objects = {

/* Begin PBXBuildFile section */
		1E2FA059290F2EB70016B726 /* UIViewControllerExtension.swift in Sources */ = {isa = PBXBuildFile; fileRef = 1E2FA058290F2EB70016B726 /* UIViewControllerExtension.swift */; };
		1E9ECD682B88F9EC00988C4E /* UserProfileCreationView.swift in Sources */ = {isa = PBXBuildFile; fileRef = 1E9ECD672B88F9EC00988C4E /* UserProfileCreationView.swift */; };
		1E9EE2212B98D1E400D4AB65 /* CreateAccountView.swift in Sources */ = {isa = PBXBuildFile; fileRef = 1E9EE2202B98D1E400D4AB65 /* CreateAccountView.swift */; };
		1E9EE2232B98F8ED00D4AB65 /* ResetPasswordView.swift in Sources */ = {isa = PBXBuildFile; fileRef = 1E9EE2222B98F8ED00D4AB65 /* ResetPasswordView.swift */; };
		1E9EE2252B98FA1800D4AB65 /* Main.storyboard in Resources */ = {isa = PBXBuildFile; fileRef = 1E9EE2242B98FA1800D4AB65 /* Main.storyboard */; };
		1EC858472B804B670078BCD1 /* LiftingBuddyView.swift in Sources */ = {isa = PBXBuildFile; fileRef = 1EC858462B804B670078BCD1 /* LiftingBuddyView.swift */; };
		1EC96E702BA9EF3E008838B4 /* GoogleService-Info.plist in Resources */ = {isa = PBXBuildFile; fileRef = 1EC96E6F2BA9EF3E008838B4 /* GoogleService-Info.plist */; };
		1EEE38E5291BF32B00029972 /* AllStructures.swift in Sources */ = {isa = PBXBuildFile; fileRef = 1EEE38E4291BF32B00029972 /* AllStructures.swift */; };
		1EF2AA5E2B890C060091480A /* GlobalVariables.swift in Sources */ = {isa = PBXBuildFile; fileRef = 1EF2AA5D2B890C060091480A /* GlobalVariables.swift */; };
		1EF30A64290B17A500E8FB22 /* CalculationsService.swift in Sources */ = {isa = PBXBuildFile; fileRef = 1EF30A63290B17A500E8FB22 /* CalculationsService.swift */; };
		1EFA6E372B83FB0F002BCEF6 /* UserProfileView.swift in Sources */ = {isa = PBXBuildFile; fileRef = 1EFA6E362B83FB0F002BCEF6 /* UserProfileView.swift */; };
		1EFA6E392B8400F5002BCEF6 /* OneRMCalculatorView.swift in Sources */ = {isa = PBXBuildFile; fileRef = 1EFA6E382B8400F5002BCEF6 /* OneRMCalculatorView.swift */; };
		1EFA6E3B2B84089C002BCEF6 /* WilksCalculatorView.swift in Sources */ = {isa = PBXBuildFile; fileRef = 1EFA6E3A2B84089C002BCEF6 /* WilksCalculatorView.swift */; };
		1EFA6E3D2B840E38002BCEF6 /* NewWorkoutView.swift in Sources */ = {isa = PBXBuildFile; fileRef = 1EFA6E3C2B840E38002BCEF6 /* NewWorkoutView.swift */; };
		1EFA6E442B8425F9002BCEF6 /* LoginView.swift in Sources */ = {isa = PBXBuildFile; fileRef = 1EFA6E432B8425F9002BCEF6 /* LoginView.swift */; };
		1EFA6E462B842760002BCEF6 /* WelcomeDashboardView.swift in Sources */ = {isa = PBXBuildFile; fileRef = 1EFA6E452B842760002BCEF6 /* WelcomeDashboardView.swift */; };
		1EFA6E4A2B842EED002BCEF6 /* LiftingLog.swift in Sources */ = {isa = PBXBuildFile; fileRef = 1EFA6E492B842EED002BCEF6 /* LiftingLog.swift */; };
		1EFA6E512B85A60F002BCEF6 /* SubmittedWorkoutsView.swift in Sources */ = {isa = PBXBuildFile; fileRef = 1EFA6E502B85A60F002BCEF6 /* SubmittedWorkoutsView.swift */; };
		8D10629728DD040F008AD000 /* AppDelegate.swift in Sources */ = {isa = PBXBuildFile; fileRef = 8D10629628DD040F008AD000 /* AppDelegate.swift */; };
		8D10629928DD040F008AD000 /* SceneDelegate.swift in Sources */ = {isa = PBXBuildFile; fileRef = 8D10629828DD040F008AD000 /* SceneDelegate.swift */; };
		8D1062A128DD040F008AD000 /* LiftingLog.xcdatamodeld in Sources */ = {isa = PBXBuildFile; fileRef = 8D10629F28DD040F008AD000 /* LiftingLog.xcdatamodeld */; };
		8D1062A328DD0411008AD000 /* Assets.xcassets in Resources */ = {isa = PBXBuildFile; fileRef = 8D1062A228DD0411008AD000 /* Assets.xcassets */; };
		8D67F4F6290B1DE50008724F /* DatabaseService.swift in Sources */ = {isa = PBXBuildFile; fileRef = 8D67F4F5290B1DE50008724F /* DatabaseService.swift */; };
		8D67F4F8290B1E020008724F /* AuthenticationService.swift in Sources */ = {isa = PBXBuildFile; fileRef = 8D67F4F7290B1E020008724F /* AuthenticationService.swift */; };
		8DB0D6492B9D0E4200307428 /* FirebaseAuth in Frameworks */ = {isa = PBXBuildFile; productRef = 8DB0D6482B9D0E4200307428 /* FirebaseAuth */; };
/* End PBXBuildFile section */

/* Begin PBXFileReference section */
		1E2FA058290F2EB70016B726 /* UIViewControllerExtension.swift */ = {isa = PBXFileReference; lastKnownFileType = sourcecode.swift; path = UIViewControllerExtension.swift; sourceTree = "<group>"; };
		1E9ECD672B88F9EC00988C4E /* UserProfileCreationView.swift */ = {isa = PBXFileReference; lastKnownFileType = sourcecode.swift; path = UserProfileCreationView.swift; sourceTree = "<group>"; };
		1E9EE2202B98D1E400D4AB65 /* CreateAccountView.swift */ = {isa = PBXFileReference; lastKnownFileType = sourcecode.swift; path = CreateAccountView.swift; sourceTree = "<group>"; };
		1E9EE2222B98F8ED00D4AB65 /* ResetPasswordView.swift */ = {isa = PBXFileReference; lastKnownFileType = sourcecode.swift; path = ResetPasswordView.swift; sourceTree = "<group>"; };
		1E9EE2242B98FA1800D4AB65 /* Main.storyboard */ = {isa = PBXFileReference; fileEncoding = 4; lastKnownFileType = file.storyboard; path = Main.storyboard; sourceTree = "<group>"; };
		1EB484ED28DD1C220024B9F0 /* LiftingLog.entitlements */ = {isa = PBXFileReference; lastKnownFileType = text.plist.entitlements; path = LiftingLog.entitlements; sourceTree = "<group>"; };
		1EC858462B804B670078BCD1 /* LiftingBuddyView.swift */ = {isa = PBXFileReference; lastKnownFileType = sourcecode.swift; path = LiftingBuddyView.swift; sourceTree = "<group>"; };
		1EC96E6F2BA9EF3E008838B4 /* GoogleService-Info.plist */ = {isa = PBXFileReference; fileEncoding = 4; lastKnownFileType = text.plist.xml; path = "GoogleService-Info.plist"; sourceTree = "<group>"; };
		1EEE38E4291BF32B00029972 /* AllStructures.swift */ = {isa = PBXFileReference; lastKnownFileType = sourcecode.swift; path = AllStructures.swift; sourceTree = "<group>"; };
		1EF2AA5D2B890C060091480A /* GlobalVariables.swift */ = {isa = PBXFileReference; lastKnownFileType = sourcecode.swift; path = GlobalVariables.swift; sourceTree = "<group>"; };
		1EF30A63290B17A500E8FB22 /* CalculationsService.swift */ = {isa = PBXFileReference; lastKnownFileType = sourcecode.swift; path = CalculationsService.swift; sourceTree = "<group>"; };
		1EFA6E362B83FB0F002BCEF6 /* UserProfileView.swift */ = {isa = PBXFileReference; lastKnownFileType = sourcecode.swift; path = UserProfileView.swift; sourceTree = "<group>"; };
		1EFA6E382B8400F5002BCEF6 /* OneRMCalculatorView.swift */ = {isa = PBXFileReference; lastKnownFileType = sourcecode.swift; path = OneRMCalculatorView.swift; sourceTree = "<group>"; };
		1EFA6E3A2B84089C002BCEF6 /* WilksCalculatorView.swift */ = {isa = PBXFileReference; lastKnownFileType = sourcecode.swift; path = WilksCalculatorView.swift; sourceTree = "<group>"; };
		1EFA6E3C2B840E38002BCEF6 /* NewWorkoutView.swift */ = {isa = PBXFileReference; lastKnownFileType = sourcecode.swift; path = NewWorkoutView.swift; sourceTree = "<group>"; };
		1EFA6E432B8425F9002BCEF6 /* LoginView.swift */ = {isa = PBXFileReference; lastKnownFileType = sourcecode.swift; path = LoginView.swift; sourceTree = "<group>"; };
		1EFA6E452B842760002BCEF6 /* WelcomeDashboardView.swift */ = {isa = PBXFileReference; lastKnownFileType = sourcecode.swift; path = WelcomeDashboardView.swift; sourceTree = "<group>"; };
		1EFA6E492B842EED002BCEF6 /* LiftingLog.swift */ = {isa = PBXFileReference; lastKnownFileType = sourcecode.swift; path = LiftingLog.swift; sourceTree = "<group>"; };
		1EFA6E502B85A60F002BCEF6 /* SubmittedWorkoutsView.swift */ = {isa = PBXFileReference; lastKnownFileType = sourcecode.swift; path = SubmittedWorkoutsView.swift; sourceTree = "<group>"; };
		8D10629328DD040F008AD000 /* LiftingLog.app */ = {isa = PBXFileReference; explicitFileType = wrapper.application; includeInIndex = 0; path = LiftingLog.app; sourceTree = BUILT_PRODUCTS_DIR; };
		8D10629628DD040F008AD000 /* AppDelegate.swift */ = {isa = PBXFileReference; lastKnownFileType = sourcecode.swift; path = AppDelegate.swift; sourceTree = "<group>"; };
		8D10629828DD040F008AD000 /* SceneDelegate.swift */ = {isa = PBXFileReference; lastKnownFileType = sourcecode.swift; path = SceneDelegate.swift; sourceTree = "<group>"; };
		8D1062A028DD040F008AD000 /* LiftingLog.xcdatamodel */ = {isa = PBXFileReference; lastKnownFileType = wrapper.xcdatamodel; path = LiftingLog.xcdatamodel; sourceTree = "<group>"; };
		8D1062A228DD0411008AD000 /* Assets.xcassets */ = {isa = PBXFileReference; lastKnownFileType = folder.assetcatalog; path = Assets.xcassets; sourceTree = "<group>"; };
		8D1062A728DD0411008AD000 /* Info.plist */ = {isa = PBXFileReference; lastKnownFileType = text.plist.xml; path = Info.plist; sourceTree = "<group>"; };
		8D67F4F5290B1DE50008724F /* DatabaseService.swift */ = {isa = PBXFileReference; lastKnownFileType = sourcecode.swift; path = DatabaseService.swift; sourceTree = "<group>"; };
		8D67F4F7290B1E020008724F /* AuthenticationService.swift */ = {isa = PBXFileReference; lastKnownFileType = sourcecode.swift; path = AuthenticationService.swift; sourceTree = "<group>"; };
/* End PBXFileReference section */

/* Begin PBXFrameworksBuildPhase section */
		8D10629028DD040F008AD000 /* Frameworks */ = {
			isa = PBXFrameworksBuildPhase;
			buildActionMask = 2147483647;
			files = (
				8DB0D6492B9D0E4200307428 /* FirebaseAuth in Frameworks */,
			);
			runOnlyForDeploymentPostprocessing = 0;
		};
/* End PBXFrameworksBuildPhase section */

/* Begin PBXGroup section */
		1E2FA057290F2E9B0016B726 /* Extensions */ = {
			isa = PBXGroup;
			children = (
				1E2FA058290F2EB70016B726 /* UIViewControllerExtension.swift */,
			);
			path = Extensions;
			sourceTree = "<group>";
		};
		1EF9F7DE291C07EE001257D1 /* Global Components  */ = {
			isa = PBXGroup;
			children = (
				1EEE38E4291BF32B00029972 /* AllStructures.swift */,
				1EF2AA5D2B890C060091480A /* GlobalVariables.swift */,
			);
			path = "Global Components ";
			sourceTree = "<group>";
		};
		1EFA6E4F2B84E837002BCEF6 /* Views  */ = {
			isa = PBXGroup;
			children = (
				1EFA6E432B8425F9002BCEF6 /* LoginView.swift */,
				1E9ECD672B88F9EC00988C4E /* UserProfileCreationView.swift */,
				1EFA6E452B842760002BCEF6 /* WelcomeDashboardView.swift */,
				1EFA6E362B83FB0F002BCEF6 /* UserProfileView.swift */,
				1EFA6E3C2B840E38002BCEF6 /* NewWorkoutView.swift */,
				1EFA6E502B85A60F002BCEF6 /* SubmittedWorkoutsView.swift */,
				1EFA6E3A2B84089C002BCEF6 /* WilksCalculatorView.swift */,
				1EFA6E382B8400F5002BCEF6 /* OneRMCalculatorView.swift */,
				1EC858462B804B670078BCD1 /* LiftingBuddyView.swift */,
				1E9EE2202B98D1E400D4AB65 /* CreateAccountView.swift */,
				1E9EE2222B98F8ED00D4AB65 /* ResetPasswordView.swift */,
			);
			path = "Views ";
			sourceTree = "<group>";
		};
		8D10628A28DD040F008AD000 = {
			isa = PBXGroup;
			children = (
				8D10629528DD040F008AD000 /* LiftingLog */,
				8D10629428DD040F008AD000 /* Products */,
				8D67F4F9290B20A00008724F /* Frameworks */,
			);
			sourceTree = "<group>";
		};
		8D10629428DD040F008AD000 /* Products */ = {
			isa = PBXGroup;
			children = (
				8D10629328DD040F008AD000 /* LiftingLog.app */,
			);
			name = Products;
			sourceTree = "<group>";
		};
		8D10629528DD040F008AD000 /* LiftingLog */ = {
			isa = PBXGroup;
			children = (
				1EFA6E492B842EED002BCEF6 /* LiftingLog.swift */,
				1E9EE2242B98FA1800D4AB65 /* Main.storyboard */,
				1EB484ED28DD1C220024B9F0 /* LiftingLog.entitlements */,
				8D10629628DD040F008AD000 /* AppDelegate.swift */,
				8D10629828DD040F008AD000 /* SceneDelegate.swift */,
				8D1062A228DD0411008AD000 /* Assets.xcassets */,
				1EC96E6F2BA9EF3E008838B4 /* GoogleService-Info.plist */,
				8D1062A728DD0411008AD000 /* Info.plist */,
				8D10629F28DD040F008AD000 /* LiftingLog.xcdatamodeld */,
				1EF9F7DE291C07EE001257D1 /* Global Components  */,
				8D67F4F3290B1CC00008724F /* Services */,
				1E2FA057290F2E9B0016B726 /* Extensions */,
				1EFA6E4F2B84E837002BCEF6 /* Views  */,
			);
			path = LiftingLog;
			sourceTree = "<group>";
		};
		8D67F4F3290B1CC00008724F /* Services */ = {
			isa = PBXGroup;
			children = (
				1EF30A63290B17A500E8FB22 /* CalculationsService.swift */,
				8D67F4F5290B1DE50008724F /* DatabaseService.swift */,
				8D67F4F7290B1E020008724F /* AuthenticationService.swift */,
			);
			path = Services;
			sourceTree = "<group>";
		};
		8D67F4F9290B20A00008724F /* Frameworks */ = {
			isa = PBXGroup;
			children = (
			);
			name = Frameworks;
			sourceTree = "<group>";
		};
/* End PBXGroup section */

/* Begin PBXNativeTarget section */
		8D10629228DD040F008AD000 /* LiftingLog */ = {
			isa = PBXNativeTarget;
			buildConfigurationList = 8D1062AA28DD0411008AD000 /* Build configuration list for PBXNativeTarget "LiftingLog" */;
			buildPhases = (
				8D10628F28DD040F008AD000 /* Sources */,
				8D10629028DD040F008AD000 /* Frameworks */,
				8D10629128DD040F008AD000 /* Resources */,
			);
			buildRules = (
			);
			dependencies = (
			);
			name = LiftingLog;
			packageProductDependencies = (
				8DB0D6482B9D0E4200307428 /* FirebaseAuth */,
			);
			productName = LiftingLog;
			productReference = 8D10629328DD040F008AD000 /* LiftingLog.app */;
			productType = "com.apple.product-type.application";
		};
/* End PBXNativeTarget section */

/* Begin PBXProject section */
		8D10628B28DD040F008AD000 /* Project object */ = {
			isa = PBXProject;
			attributes = {
				BuildIndependentTargetsInParallel = 1;
				LastSwiftUpdateCheck = 1400;
				LastUpgradeCheck = 1400;
				TargetAttributes = {
					8D10629228DD040F008AD000 = {
						CreatedOnToolsVersion = 14.0;
					};
				};
			};
			buildConfigurationList = 8D10628E28DD040F008AD000 /* Build configuration list for PBXProject "LiftingLog" */;
			compatibilityVersion = "Xcode 14.0";
			developmentRegion = en;
			hasScannedForEncodings = 0;
			knownRegions = (
				en,
				Base,
			);
			mainGroup = 8D10628A28DD040F008AD000;
			packageReferences = (
				8DB0D6472B9D0E4200307428 /* XCRemoteSwiftPackageReference "firebase-ios-sdk" */,
			);
			productRefGroup = 8D10629428DD040F008AD000 /* Products */;
			projectDirPath = "";
			projectRoot = "";
			targets = (
				8D10629228DD040F008AD000 /* LiftingLog */,
			);
		};
/* End PBXProject section */

/* Begin PBXResourcesBuildPhase section */
		8D10629128DD040F008AD000 /* Resources */ = {
			isa = PBXResourcesBuildPhase;
			buildActionMask = 2147483647;
			files = (
				8D1062A328DD0411008AD000 /* Assets.xcassets in Resources */,
				1E9EE2252B98FA1800D4AB65 /* Main.storyboard in Resources */,
				1EC96E702BA9EF3E008838B4 /* GoogleService-Info.plist in Resources */,
			);
			runOnlyForDeploymentPostprocessing = 0;
		};
/* End PBXResourcesBuildPhase section */

/* Begin PBXSourcesBuildPhase section */
		8D10628F28DD040F008AD000 /* Sources */ = {
			isa = PBXSourcesBuildPhase;
			buildActionMask = 2147483647;
			files = (
				1E9EE2212B98D1E400D4AB65 /* CreateAccountView.swift in Sources */,
				1EFA6E3B2B84089C002BCEF6 /* WilksCalculatorView.swift in Sources */,
				1EFA6E4A2B842EED002BCEF6 /* LiftingLog.swift in Sources */,
				1EFA6E442B8425F9002BCEF6 /* LoginView.swift in Sources */,
				1EF30A64290B17A500E8FB22 /* CalculationsService.swift in Sources */,
				1E2FA059290F2EB70016B726 /* UIViewControllerExtension.swift in Sources */,
				8D10629728DD040F008AD000 /* AppDelegate.swift in Sources */,
				1E9EE2232B98F8ED00D4AB65 /* ResetPasswordView.swift in Sources */,
				1EFA6E512B85A60F002BCEF6 /* SubmittedWorkoutsView.swift in Sources */,
				1E9ECD682B88F9EC00988C4E /* UserProfileCreationView.swift in Sources */,
				8D67F4F8290B1E020008724F /* AuthenticationService.swift in Sources */,
				1EFA6E392B8400F5002BCEF6 /* OneRMCalculatorView.swift in Sources */,
				8D67F4F6290B1DE50008724F /* DatabaseService.swift in Sources */,
				8D1062A128DD040F008AD000 /* LiftingLog.xcdatamodeld in Sources */,
				1EFA6E372B83FB0F002BCEF6 /* UserProfileView.swift in Sources */,
				8D10629928DD040F008AD000 /* SceneDelegate.swift in Sources */,
				1EFA6E3D2B840E38002BCEF6 /* NewWorkoutView.swift in Sources */,
				1EEE38E5291BF32B00029972 /* AllStructures.swift in Sources */,
				1EFA6E462B842760002BCEF6 /* WelcomeDashboardView.swift in Sources */,
				1EF2AA5E2B890C060091480A /* GlobalVariables.swift in Sources */,
				1EC858472B804B670078BCD1 /* LiftingBuddyView.swift in Sources */,
			);
			runOnlyForDeploymentPostprocessing = 0;
		};
/* End PBXSourcesBuildPhase section */

/* Begin XCBuildConfiguration section */
		8D1062A828DD0411008AD000 /* Debug */ = {
			isa = XCBuildConfiguration;
			buildSettings = {
				ALWAYS_SEARCH_USER_PATHS = NO;
				CLANG_ANALYZER_NONNULL = YES;
				CLANG_ANALYZER_NUMBER_OBJECT_CONVERSION = YES_AGGRESSIVE;
				CLANG_CXX_LANGUAGE_STANDARD = "gnu++20";
				CLANG_ENABLE_MODULES = YES;
				CLANG_ENABLE_OBJC_ARC = YES;
				CLANG_ENABLE_OBJC_WEAK = YES;
				CLANG_WARN_BLOCK_CAPTURE_AUTORELEASING = YES;
				CLANG_WARN_BOOL_CONVERSION = YES;
				CLANG_WARN_COMMA = YES;
				CLANG_WARN_CONSTANT_CONVERSION = YES;
				CLANG_WARN_DEPRECATED_OBJC_IMPLEMENTATIONS = YES;
				CLANG_WARN_DIRECT_OBJC_ISA_USAGE = YES_ERROR;
				CLANG_WARN_DOCUMENTATION_COMMENTS = YES;
				CLANG_WARN_EMPTY_BODY = YES;
				CLANG_WARN_ENUM_CONVERSION = YES;
				CLANG_WARN_INFINITE_RECURSION = YES;
				CLANG_WARN_INT_CONVERSION = YES;
				CLANG_WARN_NON_LITERAL_NULL_CONVERSION = YES;
				CLANG_WARN_OBJC_IMPLICIT_RETAIN_SELF = YES;
				CLANG_WARN_OBJC_LITERAL_CONVERSION = YES;
				CLANG_WARN_OBJC_ROOT_CLASS = YES_ERROR;
				CLANG_WARN_QUOTED_INCLUDE_IN_FRAMEWORK_HEADER = YES;
				CLANG_WARN_RANGE_LOOP_ANALYSIS = YES;
				CLANG_WARN_STRICT_PROTOTYPES = YES;
				CLANG_WARN_SUSPICIOUS_MOVE = YES;
				CLANG_WARN_UNGUARDED_AVAILABILITY = YES_AGGRESSIVE;
				CLANG_WARN_UNREACHABLE_CODE = YES;
				CLANG_WARN__DUPLICATE_METHOD_MATCH = YES;
				COPY_PHASE_STRIP = NO;
				DEBUG_INFORMATION_FORMAT = dwarf;
				ENABLE_STRICT_OBJC_MSGSEND = YES;
				ENABLE_TESTABILITY = YES;
				GCC_C_LANGUAGE_STANDARD = gnu11;
				GCC_DYNAMIC_NO_PIC = NO;
				GCC_NO_COMMON_BLOCKS = YES;
				GCC_OPTIMIZATION_LEVEL = 0;
				GCC_PREPROCESSOR_DEFINITIONS = (
					"DEBUG=1",
					"$(inherited)",
				);
				GCC_WARN_64_TO_32_BIT_CONVERSION = YES;
				GCC_WARN_ABOUT_RETURN_TYPE = YES_ERROR;
				GCC_WARN_UNDECLARED_SELECTOR = YES;
				GCC_WARN_UNINITIALIZED_AUTOS = YES_AGGRESSIVE;
				GCC_WARN_UNUSED_FUNCTION = YES;
				GCC_WARN_UNUSED_VARIABLE = YES;
				IPHONEOS_DEPLOYMENT_TARGET = 16.0;
				MTL_ENABLE_DEBUG_INFO = INCLUDE_SOURCE;
				MTL_FAST_MATH = YES;
				ONLY_ACTIVE_ARCH = YES;
				SDKROOT = iphoneos;
				SWIFT_ACTIVE_COMPILATION_CONDITIONS = DEBUG;
				SWIFT_OPTIMIZATION_LEVEL = "-Onone";
			};
			name = Debug;
		};
		8D1062A928DD0411008AD000 /* Release */ = {
			isa = XCBuildConfiguration;
			buildSettings = {
				ALWAYS_SEARCH_USER_PATHS = NO;
				CLANG_ANALYZER_NONNULL = YES;
				CLANG_ANALYZER_NUMBER_OBJECT_CONVERSION = YES_AGGRESSIVE;
				CLANG_CXX_LANGUAGE_STANDARD = "gnu++20";
				CLANG_ENABLE_MODULES = YES;
				CLANG_ENABLE_OBJC_ARC = YES;
				CLANG_ENABLE_OBJC_WEAK = YES;
				CLANG_WARN_BLOCK_CAPTURE_AUTORELEASING = YES;
				CLANG_WARN_BOOL_CONVERSION = YES;
				CLANG_WARN_COMMA = YES;
				CLANG_WARN_CONSTANT_CONVERSION = YES;
				CLANG_WARN_DEPRECATED_OBJC_IMPLEMENTATIONS = YES;
				CLANG_WARN_DIRECT_OBJC_ISA_USAGE = YES_ERROR;
				CLANG_WARN_DOCUMENTATION_COMMENTS = YES;
				CLANG_WARN_EMPTY_BODY = YES;
				CLANG_WARN_ENUM_CONVERSION = YES;
				CLANG_WARN_INFINITE_RECURSION = YES;
				CLANG_WARN_INT_CONVERSION = YES;
				CLANG_WARN_NON_LITERAL_NULL_CONVERSION = YES;
				CLANG_WARN_OBJC_IMPLICIT_RETAIN_SELF = YES;
				CLANG_WARN_OBJC_LITERAL_CONVERSION = YES;
				CLANG_WARN_OBJC_ROOT_CLASS = YES_ERROR;
				CLANG_WARN_QUOTED_INCLUDE_IN_FRAMEWORK_HEADER = YES;
				CLANG_WARN_RANGE_LOOP_ANALYSIS = YES;
				CLANG_WARN_STRICT_PROTOTYPES = YES;
				CLANG_WARN_SUSPICIOUS_MOVE = YES;
				CLANG_WARN_UNGUARDED_AVAILABILITY = YES_AGGRESSIVE;
				CLANG_WARN_UNREACHABLE_CODE = YES;
				CLANG_WARN__DUPLICATE_METHOD_MATCH = YES;
				COPY_PHASE_STRIP = NO;
				DEBUG_INFORMATION_FORMAT = "dwarf-with-dsym";
				ENABLE_NS_ASSERTIONS = NO;
				ENABLE_STRICT_OBJC_MSGSEND = YES;
				GCC_C_LANGUAGE_STANDARD = gnu11;
				GCC_NO_COMMON_BLOCKS = YES;
				GCC_WARN_64_TO_32_BIT_CONVERSION = YES;
				GCC_WARN_ABOUT_RETURN_TYPE = YES_ERROR;
				GCC_WARN_UNDECLARED_SELECTOR = YES;
				GCC_WARN_UNINITIALIZED_AUTOS = YES_AGGRESSIVE;
				GCC_WARN_UNUSED_FUNCTION = YES;
				GCC_WARN_UNUSED_VARIABLE = YES;
				IPHONEOS_DEPLOYMENT_TARGET = 16.0;
				MTL_ENABLE_DEBUG_INFO = NO;
				MTL_FAST_MATH = YES;
				SDKROOT = iphoneos;
				SWIFT_COMPILATION_MODE = wholemodule;
				SWIFT_OPTIMIZATION_LEVEL = "-O";
				VALIDATE_PRODUCT = YES;
			};
			name = Release;
		};
		8D1062AB28DD0411008AD000 /* Debug */ = {
			isa = XCBuildConfiguration;
			buildSettings = {
				ASSETCATALOG_COMPILER_APPICON_NAME = AppIcon;
				ASSETCATALOG_COMPILER_GLOBAL_ACCENT_COLOR_NAME = AccentColor;
				CODE_SIGN_ENTITLEMENTS = LiftingLog/LiftingLog.entitlements;
				CODE_SIGN_STYLE = Automatic;
				CURRENT_PROJECT_VERSION = 1;
				DEVELOPMENT_TEAM = GSU5RW7J6T;
				GENERATE_INFOPLIST_FILE = YES;
				INFOPLIST_FILE = LiftingLog/Info.plist;
				INFOPLIST_KEY_UIApplicationSupportsIndirectInputEvents = YES;
				INFOPLIST_KEY_UILaunchStoryboardName = LaunchScreen;
				INFOPLIST_KEY_UIMainStoryboardFile = Main;
				INFOPLIST_KEY_UISupportedInterfaceOrientations = UIInterfaceOrientationPortrait;
				LD_RUNPATH_SEARCH_PATHS = (
					"$(inherited)",
					"@executable_path/Frameworks",
				);
				MARKETING_VERSION = 1.0;
				PRODUCT_BUNDLE_IDENTIFIER = KalanishMelito2024.LiftingLog;
				PRODUCT_NAME = "$(TARGET_NAME)";
				SWIFT_EMIT_LOC_STRINGS = YES;
				SWIFT_VERSION = 5.0;
				TARGETED_DEVICE_FAMILY = "1,2";
			};
			name = Debug;
		};
		8D1062AC28DD0411008AD000 /* Release */ = {
			isa = XCBuildConfiguration;
			buildSettings = {
				ASSETCATALOG_COMPILER_APPICON_NAME = AppIcon;
				ASSETCATALOG_COMPILER_GLOBAL_ACCENT_COLOR_NAME = AccentColor;
				CODE_SIGN_ENTITLEMENTS = LiftingLog/LiftingLog.entitlements;
				CODE_SIGN_STYLE = Automatic;
				CURRENT_PROJECT_VERSION = 1;
				DEVELOPMENT_TEAM = GSU5RW7J6T;
				GENERATE_INFOPLIST_FILE = YES;
				INFOPLIST_FILE = LiftingLog/Info.plist;
				INFOPLIST_KEY_UIApplicationSupportsIndirectInputEvents = YES;
				INFOPLIST_KEY_UILaunchStoryboardName = LaunchScreen;
				INFOPLIST_KEY_UIMainStoryboardFile = Main;
				INFOPLIST_KEY_UISupportedInterfaceOrientations = UIInterfaceOrientationPortrait;
				LD_RUNPATH_SEARCH_PATHS = (
					"$(inherited)",
					"@executable_path/Frameworks",
				);
				MARKETING_VERSION = 1.0;
				PRODUCT_BUNDLE_IDENTIFIER = KalanishMelito2024.LiftingLog;
				PRODUCT_NAME = "$(TARGET_NAME)";
				SWIFT_EMIT_LOC_STRINGS = YES;
				SWIFT_VERSION = 5.0;
				TARGETED_DEVICE_FAMILY = "1,2";
			};
			name = Release;
		};
/* End XCBuildConfiguration section */

/* Begin XCConfigurationList section */
		8D10628E28DD040F008AD000 /* Build configuration list for PBXProject "LiftingLog" */ = {
			isa = XCConfigurationList;
			buildConfigurations = (
				8D1062A828DD0411008AD000 /* Debug */,
				8D1062A928DD0411008AD000 /* Release */,
			);
			defaultConfigurationIsVisible = 0;
			defaultConfigurationName = Release;
		};
		8D1062AA28DD0411008AD000 /* Build configuration list for PBXNativeTarget "LiftingLog" */ = {
			isa = XCConfigurationList;
			buildConfigurations = (
				8D1062AB28DD0411008AD000 /* Debug */,
				8D1062AC28DD0411008AD000 /* Release */,
			);
			defaultConfigurationIsVisible = 0;
			defaultConfigurationName = Release;
		};
/* End XCConfigurationList section */

/* Begin XCRemoteSwiftPackageReference section */
		8DB0D6472B9D0E4200307428 /* XCRemoteSwiftPackageReference "firebase-ios-sdk" */ = {
			isa = XCRemoteSwiftPackageReference;
			repositoryURL = "https://github.com/firebase/firebase-ios-sdk.git";
			requirement = {
				kind = upToNextMajorVersion;
				minimumVersion = 10.22.1;
			};
		};
/* End XCRemoteSwiftPackageReference section */

/* Begin XCSwiftPackageProductDependency section */
		8DB0D6482B9D0E4200307428 /* FirebaseAuth */ = {
			isa = XCSwiftPackageProductDependency;
			package = 8DB0D6472B9D0E4200307428 /* XCRemoteSwiftPackageReference "firebase-ios-sdk" */;
			productName = FirebaseAuth;
		};
/* End XCSwiftPackageProductDependency section */

/* Begin XCVersionGroup section */
		8D10629F28DD040F008AD000 /* LiftingLog.xcdatamodeld */ = {
			isa = XCVersionGroup;
			children = (
				8D1062A028DD040F008AD000 /* LiftingLog.xcdatamodel */,
			);
			currentVersion = 8D1062A028DD040F008AD000 /* LiftingLog.xcdatamodel */;
			path = LiftingLog.xcdatamodeld;
			sourceTree = "<group>";
			versionGroupType = wrapper.xcdatamodel;
		};
/* End XCVersionGroup section */
	};
	rootObject = 8D10628B28DD040F008AD000 /* Project object */;
}
